// !$*UTF8*$!
{
	archiveVersion = 1;
	classes = {
	};
	objectVersion = 46;
	objects = {

/* Begin PBXBuildFile section */
		E953AEA51CFE88DF00B43074 /* AppDelegate.swift in Sources */ = {isa = PBXBuildFile; fileRef = E953AEA41CFE88DF00B43074 /* AppDelegate.swift */; };
		E953AEA71CFE88DF00B43074 /* ViewController.swift in Sources */ = {isa = PBXBuildFile; fileRef = E953AEA61CFE88DF00B43074 /* ViewController.swift */; };
		E953AEAA1CFE88DF00B43074 /* Main.storyboard in Resources */ = {isa = PBXBuildFile; fileRef = E953AEA81CFE88DF00B43074 /* Main.storyboard */; };
		E953AEAC1CFE88DF00B43074 /* Assets.xcassets in Resources */ = {isa = PBXBuildFile; fileRef = E953AEAB1CFE88DF00B43074 /* Assets.xcassets */; };
		E953AEAF1CFE88DF00B43074 /* LaunchScreen.storyboard in Resources */ = {isa = PBXBuildFile; fileRef = E953AEAD1CFE88DF00B43074 /* LaunchScreen.storyboard */; };
/* End PBXBuildFile section */

/* Begin PBXFileReference section */
		E953AEA11CFE88DF00B43074 /* sampleTextField.app */ = {isa = PBXFileReference; explicitFileType = wrapper.application; includeInIndex = 0; path = sampleTextField.app; sourceTree = BUILT_PRODUCTS_DIR; };
		E953AEA41CFE88DF00B43074 /* AppDelegate.swift */ = {isa = PBXFileReference; lastKnownFileType = sourcecode.swift; path = AppDelegate.swift; sourceTree = "<group>"; };
		E953AEA61CFE88DF00B43074 /* ViewController.swift */ = {isa = PBXFileReference; lastKnownFileType = sourcecode.swift; path = ViewController.swift; sourceTree = "<group>"; };
		E953AEA91CFE88DF00B43074 /* Base */ = {isa = PBXFileReference; lastKnownFileType = file.storyboard; name = Base; path = Base.lproj/Main.storyboard; sourceTree = "<group>"; };
		E953AEAB1CFE88DF00B43074 /* Assets.xcassets */ = {isa = PBXFileReference; lastKnownFileType = folder.assetcatalog; path = Assets.xcassets; sourceTree = "<group>"; };
		E953AEAE1CFE88DF00B43074 /* Base */ = {isa = PBXFileReference; lastKnownFileType = file.storyboard; name = Base; path = Base.lproj/LaunchScreen.storyboard; sourceTree = "<group>"; };
		E953AEB01CFE88DF00B43074 /* Info.plist */ = {isa = PBXFileReference; lastKnownFileType = text.plist.xml; path = Info.plist; sourceTree = "<group>"; };
/* End PBXFileReference section */

/* Begin PBXFrameworksBuildPhase section */
		E953AE9E1CFE88DF00B43074 /* Frameworks */ = {
			isa = PBXFrameworksBuildPhase;
			buildActionMask = 2147483647;
			files = (
			);
			runOnlyForDeploymentPostprocessing = 0;
		};
/* End PBXFrameworksBuildPhase section */

/* Begin PBXGroup section */
		E953AE981CFE88DE00B43074 = {
			isa = PBXGroup;
			children = (
				E953AEA31CFE88DF00B43074 /* sampleTextField */,
				E953AEA21CFE88DF00B43074 /* Products */,
			);
			sourceTree = "<group>";
		};
		E953AEA21CFE88DF00B43074 /* Products */ = {
			isa = PBXGroup;
			children = (
				E953AEA11CFE88DF00B43074 /* sampleTextField.app */,
			);
			name = Products;
			sourceTree = "<group>";
		};
		E953AEA31CFE88DF00B43074 /* sampleTextField */ = {
			isa = PBXGroup;
			children = (
				E953AEA41CFE88DF00B43074 /* AppDelegate.swift */,
				E953AEA61CFE88DF00B43074 /* ViewController.swift */,
				E953AEA81CFE88DF00B43074 /* Main.storyboard */,
				E953AEAB1CFE88DF00B43074 /* Assets.xcassets */,
				E953AEAD1CFE88DF00B43074 /* LaunchScreen.storyboard */,
				E953AEB01CFE88DF00B43074 /* Info.plist */,
			);
			path = sampleTextField;
			sourceTree = "<group>";
		};
/* End PBXGroup section */

/* Begin PBXNativeTarget section */
		E953AEA01CFE88DF00B43074 /* sampleTextField */ = {
			isa = PBXNativeTarget;
			buildConfigurationList = E953AEB31CFE88DF00B43074 /* Build configuration list for PBXNativeTarget "sampleTextField" */;
			buildPhases = (
				E953AE9D1CFE88DF00B43074 /* Sources */,
				E953AE9E1CFE88DF00B43074 /* Frameworks */,
				E953AE9F1CFE88DF00B43074 /* Resources */,
			);
			buildRules = (
			);
			dependencies = (
			);
			name = sampleTextField;
			productName = sampleTextField;
			productReference = E953AEA11CFE88DF00B43074 /* sampleTextField.app */;
			productType = "com.apple.product-type.application";
		};
/* End PBXNativeTarget section */

/* Begin PBXProject section */
		E953AE991CFE88DE00B43074 /* Project object */ = {
			isa = PBXProject;
			attributes = {
				LastSwiftUpdateCheck = 0720;
				LastUpgradeCheck = 0720;
				ORGANIZATIONNAME = "Haruka Tsuchiya";
				TargetAttributes = {
					E953AEA01CFE88DF00B43074 = {
						CreatedOnToolsVersion = 7.2.1;
					};
				};
			};
			buildConfigurationList = E953AE9C1CFE88DE00B43074 /* Build configuration list for PBXProject "sampleTextField" */;
			compatibilityVersion = "Xcode 3.2";
			developmentRegion = English;
			hasScannedForEncodings = 0;
			knownRegions = (
				en,
				Base,
			);
			mainGroup = E953AE981CFE88DE00B43074;
			productRefGroup = E953AEA21CFE88DF00B43074 /* Products */;
			projectDirPath = "";
			projectRoot = "";
			targets = (
				E953AEA01CFE88DF00B43074 /* sampleTextField */,
			);
		};
/* End PBXProject section */

/* Begin PBXResourcesBuildPhase section */
		E953AE9F1CFE88DF00B43074 /* Resources */ = {
			isa = PBXResourcesBuildPhase;
			buildActionMask = 2147483647;
			files = (
				E953AEAF1CFE88DF00B43074 /* LaunchScreen.storyboard in Resources */,
				E953AEAC1CFE88DF00B43074 /* Assets.xcassets in Resources */,
				E953AEAA1CFE88DF00B43074 /* Main.storyboard in Resources */,
			);
			runOnlyForDeploymentPostprocessing = 0;
		};
/* End PBXResourcesBuildPhase section */

/* Begin PBXSourcesBuildPhase section */
		E953AE9D1CFE88DF00B43074 /* Sources */ = {
			isa = PBXSourcesBuildPhase;
			buildActionMask = 2147483647;
			files = (
				E953AEA71CFE88DF00B43074 /* ViewController.swift in Sources */,
				E953AEA51CFE88DF00B43074 /* AppDelegate.swift in Sources */,
			);
			runOnlyForDeploymentPostprocessing = 0;
		};
/* End PBXSourcesBuildPhase section */

/* Begin PBXVariantGroup section */
		E953AEA81CFE88DF00B43074 /* Main.storyboard */ = {
			isa = PBXVariantGroup;
			children = (
				E953AEA91CFE88DF00B43074 /* Base */,
			);
			name = Main.storyboard;
			sourceTree = "<group>";
		};
		E953AEAD1CFE88DF00B43074 /* LaunchScreen.storyboard */ = {
			isa = PBXVariantGroup;
			children = (
				E953AEAE1CFE88DF00B43074 /* Base */,
			);
			name = LaunchScreen.storyboard;
			sourceTree = "<group>";
		};
/* End PBXVariantGroup section */

/* Begin XCBuildConfiguration section */
		E953AEB11CFE88DF00B43074 /* Debug */ = {
			isa = XCBuildConfiguration;
			buildSettings = {
				ALWAYS_SEARCH_USER_PATHS = NO;
				CLANG_CXX_LANGUAGE_STANDARD = "gnu++0x";
				CLANG_CXX_LIBRARY = "libc++";
				CLANG_ENABLE_MODULES = YES;
				CLANG_ENABLE_OBJC_ARC = YES;
				CLANG_WARN_BOOL_CONVERSION = YES;
				CLANG_WARN_CONSTANT_CONVERSION = YES;
				CLANG_WARN_DIRECT_OBJC_ISA_USAGE = YES_ERROR;
				CLANG_WARN_EMPTY_BODY = YES;
				CLANG_WARN_ENUM_CONVERSION = YES;
				CLANG_WARN_INT_CONVERSION = YES;
				CLANG_WARN_OBJC_ROOT_CLASS = YES_ERROR;
				CLANG_WARN_UNREACHABLE_CODE = YES;
				CLANG_WARN__DUPLICATE_METHOD_MATCH = YES;
				"CODE_SIGN_IDENTITY[sdk=iphoneos*]" = "iPhone Developer";
				COPY_PHASE_STRIP = NO;
				DEBUG_INFORMATION_FORMAT = dwarf;
				ENABLE_STRICT_OBJC_MSGSEND = YES;
				ENABLE_TESTABILITY = YES;
				GCC_C_LANGUAGE_STANDARD = gnu99;
				GCC_DYNAMIC_NO_PIC = NO;
				GCC_NO_COMMON_BLOCKS = YES;
				GCC_OPTIMIZATION_LEVEL = 0;
				GCC_PREPROCESSOR_DEFINITIONS = (
					"DEBUG=1",
					"$(inherited)",
				);
				GCC_WARN_64_TO_32_BIT_CONVERSION = YES;
				GCC_WARN_ABOUT_RETURN_TYPE = YES_ERROR;
				GCC_WARN_UNDECLARED_SELECTOR = YES;
				GCC_WARN_UNINITIALIZED_AUTOS = YES_AGGRESSIVE;
				GCC_WARN_UNUSED_FUNCTION = YES;
				GCC_WARN_UNUSED_VARIABLE = YES;
				IPHONEOS_DEPLOYMENT_TARGET = 9.2;
				MTL_ENABLE_DEBUG_INFO = YES;
				ONLY_ACTIVE_ARCH = YES;
				SDKROOT = iphoneos;
				SWIFT_OPTIMIZATION_LEVEL = "-Onone";
			};
			name = Debug;
		};
		E953AEB21CFE88DF00B43074 /* Release */ = {
			isa = XCBuildConfiguration;
			buildSettings = {
				ALWAYS_SEARCH_USER_PATHS = NO;
				CLANG_CXX_LANGUAGE_STANDARD = "gnu++0x";
				CLANG_CXX_LIBRARY = "libc++";
				CLANG_ENABLE_MODULES = YES;
				CLANG_ENABLE_OBJC_ARC = YES;
				CLANG_WARN_BOOL_CONVERSION = YES;
				CLANG_WARN_CONSTANT_CONVERSION = YES;
				CLANG_WARN_DIRECT_OBJC_ISA_USAGE = YES_ERROR;
				CLANG_WARN_EMPTY_BODY = YES;
				CLANG_WARN_ENUM_CONVERSION = YES;
				CLANG_WARN_INT_CONVERSION = YES;
				CLANG_WARN_OBJC_ROOT_CLASS = YES_ERROR;
				CLANG_WARN_UNREACHABLE_CODE = YES;
				CLANG_WARN__DUPLICATE_METHOD_MATCH = YES;
				"CODE_SIGN_IDENTITY[sdk=iphoneos*]" = "iPhone Developer";
				COPY_PHASE_STRIP = NO;
				DEBUG_INFORMATION_FORMAT = "dwarf-with-dsym";
				ENABLE_NS_ASSERTIONS = NO;
				ENABLE_STRICT_OBJC_MSGSEND = YES;
				GCC_C_LANGUAGE_STANDARD = gnu99;
				GCC_NO_COMMON_BLOCKS = YES;
				GCC_WARN_64_TO_32_BIT_CONVERSION = YES;
				GCC_WARN_ABOUT_RETURN_TYPE = YES_ERROR;
				GCC_WARN_UNDECLARED_SELECTOR = YES;
				GCC_WARN_UNINITIALIZED_AUTOS = YES_AGGRESSIVE;
				GCC_WARN_UNUSED_FUNCTION = YES;
				GCC_WARN_UNUSED_VARIABLE = YES;
				IPHONEOS_DEPLOYMENT_TARGET = 9.2;
				MTL_ENABLE_DEBUG_INFO = NO;
				SDKROOT = iphoneos;
				VALIDATE_PRODUCT = YES;
			};
			name = Release;
		};
		E953AEB41CFE88DF00B43074 /* Debug */ = {
			isa = XCBuildConfiguration;
			buildSettings = {
				ASSETCATALOG_COMPILER_APPICON_NAME = AppIcon;
				INFOPLIST_FILE = sampleTextField/Info.plist;
				LD_RUNPATH_SEARCH_PATHS = "$(inherited) @executable_path/Frameworks";
				PRODUCT_BUNDLE_IDENTIFIER = com.harukatsuchiya.sampleTextField;
				PRODUCT_NAME = "$(TARGET_NAME)";
			};
			name = Debug;
		};
		E953AEB51CFE88DF00B43074 /* Release */ = {
			isa = XCBuildConfiguration;
			buildSettings = {
				ASSETCATALOG_COMPILER_APPICON_NAME = AppIcon;
				INFOPLIST_FILE = sampleTextField/Info.plist;
				LD_RUNPATH_SEARCH_PATHS = "$(inherited) @executable_path/Frameworks";
				PRODUCT_BUNDLE_IDENTIFIER = com.harukatsuchiya.sampleTextField;
				PRODUCT_NAME = "$(TARGET_NAME)";
			};
			name = Release;
		};
/* End XCBuildConfiguration section */

/* Begin XCConfigurationList section */
		E953AE9C1CFE88DE00B43074 /* Build configuration list for PBXProject "sampleTextField" */ = {
			isa = XCConfigurationList;
			buildConfigurations = (
				E953AEB11CFE88DF00B43074 /* Debug */,
				E953AEB21CFE88DF00B43074 /* Release */,
			);
			defaultConfigurationIsVisible = 0;
			defaultConfigurationName = Release;
		};
		E953AEB31CFE88DF00B43074 /* Build configuration list for PBXNativeTarget "sampleTextField" */ = {
			isa = XCConfigurationList;
			buildConfigurations = (
				E953AEB41CFE88DF00B43074 /* Debug */,
				E953AEB51CFE88DF00B43074 /* Release */,
			);
			defaultConfigurationIsVisible = 0;
		};
/* End XCConfigurationList section */
	};
	rootObject = E953AE991CFE88DE00B43074 /* Project object */;
}
